
Microsoft Visual Studio Solution File, Format Version 12.00
# Visual Studio Version 16
VisualStudioVersion = 16.0.30907.101
MinimumVisualStudioVersion = 10.0.40219.1
Project("{9A19103F-16F7-4668-BE54-9A1E7A4F7556}") = "Pandami", "Pandami.csproj", "{BDEC49B9-4400-4C4D-8623-17E08D56B42D}"
EndProject
Global
	GlobalSection(SolutionConfigurationPlatforms) = preSolution
		Debug|Any CPU = Debug|Any CPU
		Release|Any CPU = Release|Any CPU
	EndGlobalSection
	GlobalSection(ProjectConfigurationPlatforms) = postSolution
		{BDEC49B9-4400-4C4D-8623-17E08D56B42D}.Debug|Any CPU.ActiveCfg = Debug|Any CPU
		{BDEC49B9-4400-4C4D-8623-17E08D56B42D}.Debug|Any CPU.Build.0 = Debug|Any CPU
		{BDEC49B9-4400-4C4D-8623-17E08D56B42D}.Release|Any CPU.ActiveCfg = Release|Any CPU
		{BDEC49B9-4400-4C4D-8623-17E08D56B42D}.Release|Any CPU.Build.0 = Release|Any CPU
	EndGlobalSection
	GlobalSection(SolutionProperties) = preSolution
		HideSolutionNode = FALSE
	EndGlobalSection
	GlobalSection(ExtensibilityGlobals) = postSolution
		SolutionGuid = {68D0EA6C-9565-4104-97D6-2FB9E65DD13C}
	EndGlobalSection
EndGlobal
